schema: '2.0'
stages:
  data_ingestion:
    cmd: python scripts/run_data_ingestion.py
    deps:
    - path: scripts/run_data_ingestion.py
      hash: md5
      md5: f39889f7646906f696ace1c712f568ce
      size: 482
    - path: src/components/data_ingestion.py
      hash: md5
      md5: 5fdc1877bcf64f25387cfeff48213f42
      size: 2893
    outs:
    - path: artifact/data_ingestion/ingested/test.csv
      hash: md5
      md5: 53781752ad64077033bcdce7118062c4
      size: 21490001
    - path: artifact/data_ingestion/ingested/train.csv
      hash: md5
      md5: 077cf77a14ea344e9f38cc2c181b6cfa
      size: 171866217
    - path: artifact/dvc_meta/data_ingestion.json
      hash: md5
      md5: 50a3d8e2c1d12359a730a62250d39333
      size: 147
  data_validation:
    cmd: python scripts/run_data_validation.py
    deps:
    - path: artifact/dvc_meta/data_ingestion.json
      hash: md5
      md5: 50a3d8e2c1d12359a730a62250d39333
      size: 147
    - path: scripts/run_data_validation.py
      hash: md5
      md5: 5078db52f44ba0cb8e21b41a826ea366
      size: 795
    - path: src/components/data_validation.py
      hash: md5
      md5: 8b97724e0dac5364ddaaa68cb6f8b003
      size: 9598
    outs:
    - path: artifact/data_validation/report.yaml
      hash: md5
      md5: 4ffbbec3da2537825b4652518849394e
      size: 55
    - path: artifact/dvc_meta/data_validation.json
      hash: md5
      md5: 8947af3769da2326aba8262446951152
      size: 122
  data_transformation:
    cmd: python scripts/run_data_transformation.py
    deps:
    - path: artifact/dvc_meta/data_validation.json
      hash: md5
      md5: 8947af3769da2326aba8262446951152
      size: 122
    - path: scripts/run_data_transformation.py
      hash: md5
      md5: b3e8d6c4a173cc62ebc0bd95f0289dfc
      size: 1119
    - path: src/components/data_transformation.py
      hash: md5
      md5: 560a1208ec9d38886411bc5fa600a5ce
      size: 7072
    outs:
    - path: artifact/data_transformation/preprocessing.pkl
      hash: md5
      md5: c73b02a25ee57c473805e2f95d75dee0
      size: 34485407
    - path: artifact/data_transformation/transformed/test.npy
      hash: md5
      md5: 52bef56c5fc5bd99e673a212e58908db
      size: 56560128
    - path: artifact/data_transformation/transformed/train.npy
      hash: md5
      md5: c39f3e711ecd1e59f83c0e7b896f5264
      size: 452480128
    - path: artifact/dvc_meta/data_transformation.json
      hash: md5
      md5: df796fd899e1b90ff603acdfd1f54363
      size: 274
  model_trainer:
    cmd: python scripts/run_model_trainer.py
    deps:
    - path: artifact/dvc_meta/data_transformation.json
      hash: md5
      md5: df796fd899e1b90ff603acdfd1f54363
      size: 274
    - path: scripts/run_model_trainer.py
      hash: md5
      md5: 1877cc15cfea909b4251751a12da711a
      size: 1077
    - path: src/components/model_trainer.py
      hash: md5
      md5: a1677395b1448939d14147a3758bb2f0
      size: 7981
    outs:
    - path: artifact/dvc_meta/model_trainer.json
      hash: md5
      md5: 2daaf8c13c14baf91112c2324aac9348
      size: 295
    - path: artifact/model_trainer/trained_model/model.h5
      hash: md5
      md5: e391b689884fabff46f8abc38128b30b
      size: 47419776
  model_evaluation:
    cmd: python scripts/run_model_evaluation.py
    deps:
    - path: artifact/dvc_meta/data_ingestion.json
      hash: md5
      md5: 50a3d8e2c1d12359a730a62250d39333
      size: 147
    - path: artifact/dvc_meta/model_trainer.json
      hash: md5
      md5: 2daaf8c13c14baf91112c2324aac9348
      size: 295
    - path: scripts/run_model_evaluation.py
      hash: md5
      md5: 344257e7bf0f8991b696ea2442e51b5f
      size: 1566
    - path: src/components/model_evaluation.py
      hash: md5
      md5: ae94f807c0f823dde7d6df422edb19e8
      size: 5957
    outs:
    - path: artifact/dvc_meta/model_evaluation.json
      hash: md5
      md5: 6b9160ad4192e40543e52793c943bc42
      size: 250
  model_pusher:
    cmd: python scripts/run_model_pusher.py
    deps:
    - path: artifact/dvc_meta/model_evaluation.json
      hash: md5
      md5: 6b9160ad4192e40543e52793c943bc42
      size: 250
    - path: scripts/run_model_pusher.py
      hash: md5
      md5: 2ad9dfcb23323a17629f61da1c15eaf1
      size: 1403
    - path: src/components/model_pusher.py
      hash: md5
      md5: 9d09cf2aff9a3ce41419bfb8a6c764e2
      size: 2044
    outs:
    - path: artifact/dvc_meta/model_pusher.json
      hash: md5
      md5: 1faef592dbf1f86aacd0cd57780ddbf1
      size: 91
